
Microsoft Visual Studio Solution File, Format Version 12.00
# Visual Studio Version 17
VisualStudioVersion = 17.14.36310.24 d17.14
MinimumVisualStudioVersion = 10.0.40219.1
Project("{FAE04EC0-301F-11D3-BF4B-00C04F79EFBC}") = "Task5-PrototypePattern", "Task5-PrototypePattern.csproj", "{B6DE68EB-8D6B-40D9-A53B-DB311ADC0E0D}"
EndProject
Global
	GlobalSection(SolutionConfigurationPlatforms) = preSolution
		Debug|Any CPU = Debug|Any CPU
		Release|Any CPU = Release|Any CPU
	EndGlobalSection
	GlobalSection(ProjectConfigurationPlatforms) = postSolution
		{B6DE68EB-8D6B-40D9-A53B-DB311ADC0E0D}.Debug|Any CPU.ActiveCfg = Debug|Any CPU
		{B6DE68EB-8D6B-40D9-A53B-DB311ADC0E0D}.Debug|Any CPU.Build.0 = Debug|Any CPU
		{B6DE68EB-8D6B-40D9-A53B-DB311ADC0E0D}.Release|Any CPU.ActiveCfg = Release|Any CPU
		{B6DE68EB-8D6B-40D9-A53B-DB311ADC0E0D}.Release|Any CPU.Build.0 = Release|Any CPU
	EndGlobalSection
	GlobalSection(SolutionProperties) = preSolution
		HideSolutionNode = FALSE
	EndGlobalSection
	GlobalSection(ExtensibilityGlobals) = postSolution
		SolutionGuid = {C38664F4-2F17-4AC4-9919-51B13599774C}
	EndGlobalSection
EndGlobal
