
Microsoft Visual Studio Solution File, Format Version 12.00
# Visual Studio Version 17
VisualStudioVersion = 17.14.36804.6 d17.14
MinimumVisualStudioVersion = 10.0.40219.1
Project("{FAE04EC0-301F-11D3-BF4B-00C04F79EFBC}") = "Task7-Reflection", "Task7-Reflection.csproj", "{1071CF80-33A3-4E87-9AD3-655D333523F6}"
EndProject
Global
	GlobalSection(SolutionConfigurationPlatforms) = preSolution
		Debug|Any CPU = Debug|Any CPU
		Release|Any CPU = Release|Any CPU
	EndGlobalSection
	GlobalSection(ProjectConfigurationPlatforms) = postSolution
		{1071CF80-33A3-4E87-9AD3-655D333523F6}.Debug|Any CPU.ActiveCfg = Debug|Any CPU
		{1071CF80-33A3-4E87-9AD3-655D333523F6}.Debug|Any CPU.Build.0 = Debug|Any CPU
		{1071CF80-33A3-4E87-9AD3-655D333523F6}.Release|Any CPU.ActiveCfg = Release|Any CPU
		{1071CF80-33A3-4E87-9AD3-655D333523F6}.Release|Any CPU.Build.0 = Release|Any CPU
	EndGlobalSection
	GlobalSection(SolutionProperties) = preSolution
		HideSolutionNode = FALSE
	EndGlobalSection
	GlobalSection(ExtensibilityGlobals) = postSolution
		SolutionGuid = {BC2662BD-B058-44C9-A74A-91A597386F59}
	EndGlobalSection
EndGlobal
